
Microsoft Visual Studio Solution File, Format Version 12.00
# Visual Studio Version 16
VisualStudioVersion = 16.0.29215.179
MinimumVisualStudioVersion = 10.0.40219.1
Project("{9A19103F-16F7-4668-BE54-9A1E7A4F7556}") = "Arrays1", "Arrays1\Arrays1.csproj", "{E7A061CC-972A-4A61-BCC3-66030E59639B}"
EndProject
Project("{9A19103F-16F7-4668-BE54-9A1E7A4F7556}") = "Arrays2", "Arrays2\Arrays2.csproj", "{F383D0F4-DAB7-4B44-8585-3E5980D883BC}"
EndProject
Project("{FAE04EC0-301F-11D3-BF4B-00C04F79EFBC}") = "ArraysLib", "ArraysLib\ArraysLib.csproj", "{68C0ED14-7658-490C-80D0-03516C1D8EF9}"
EndProject
Global
	GlobalSection(SolutionConfigurationPlatforms) = preSolution
		Debug|Any CPU = Debug|Any CPU
		Release|Any CPU = Release|Any CPU
	EndGlobalSection
	GlobalSection(ProjectConfigurationPlatforms) = postSolution
		{E7A061CC-972A-4A61-BCC3-66030E59639B}.Debug|Any CPU.ActiveCfg = Debug|Any CPU
		{E7A061CC-972A-4A61-BCC3-66030E59639B}.Debug|Any CPU.Build.0 = Debug|Any CPU
		{E7A061CC-972A-4A61-BCC3-66030E59639B}.Release|Any CPU.ActiveCfg = Release|Any CPU
		{E7A061CC-972A-4A61-BCC3-66030E59639B}.Release|Any CPU.Build.0 = Release|Any CPU
		{F383D0F4-DAB7-4B44-8585-3E5980D883BC}.Debug|Any CPU.ActiveCfg = Debug|Any CPU
		{F383D0F4-DAB7-4B44-8585-3E5980D883BC}.Debug|Any CPU.Build.0 = Debug|Any CPU
		{F383D0F4-DAB7-4B44-8585-3E5980D883BC}.Release|Any CPU.ActiveCfg = Release|Any CPU
		{F383D0F4-DAB7-4B44-8585-3E5980D883BC}.Release|Any CPU.Build.0 = Release|Any CPU
		{68C0ED14-7658-490C-80D0-03516C1D8EF9}.Debug|Any CPU.ActiveCfg = Debug|Any CPU
		{68C0ED14-7658-490C-80D0-03516C1D8EF9}.Debug|Any CPU.Build.0 = Debug|Any CPU
		{68C0ED14-7658-490C-80D0-03516C1D8EF9}.Release|Any CPU.ActiveCfg = Release|Any CPU
		{68C0ED14-7658-490C-80D0-03516C1D8EF9}.Release|Any CPU.Build.0 = Release|Any CPU
	EndGlobalSection
	GlobalSection(SolutionProperties) = preSolution
		HideSolutionNode = FALSE
	EndGlobalSection
	GlobalSection(ExtensibilityGlobals) = postSolution
		SolutionGuid = {86668AA8-DBEB-43BC-8362-B94E183076D1}
	EndGlobalSection
EndGlobal
